# This file is automatically @generated by Cargo.
# It is not intended for manual editing.
version = 3

[[package]]
name = "main"
version = "0.1.0"
dependencies = [
 "project-authentication",
 "project-vpn",
 "traits",
]

[[package]]
name = "project-authentication"
version = "0.1.0"
dependencies = [
 "traits",
]

[[package]]
name = "project-vpn"
version = "0.1.0"
dependencies = [
 "traits",
]

[[package]]
name = "traits"
version = "0.1.0"
